
Microsoft Visual Studio Solution File, Format Version 12.00
# Visual Studio Version 17
VisualStudioVersion = 17.13.35919.96 d17.13
MinimumVisualStudioVersion = 10.0.40219.1
Project("{FAE04EC0-301F-11D3-BF4B-00C04F79EFBC}") = "StudyQuizApp", "StudyQuizApp\StudyQuizApp.csproj", "{8F3D2ECD-AA1D-46E3-9DC8-16E8D608E3AE}"
EndProject
Global
	GlobalSection(SolutionConfigurationPlatforms) = preSolution
		Debug|Any CPU = Debug|Any CPU
		Release|Any CPU = Release|Any CPU
	EndGlobalSection
	GlobalSection(ProjectConfigurationPlatforms) = postSolution
		{8F3D2ECD-AA1D-46E3-9DC8-16E8D608E3AE}.Debug|Any CPU.ActiveCfg = Debug|Any CPU
		{8F3D2ECD-AA1D-46E3-9DC8-16E8D608E3AE}.Debug|Any CPU.Build.0 = Debug|Any CPU
		{8F3D2ECD-AA1D-46E3-9DC8-16E8D608E3AE}.Release|Any CPU.ActiveCfg = Release|Any CPU
		{8F3D2ECD-AA1D-46E3-9DC8-16E8D608E3AE}.Release|Any CPU.Build.0 = Release|Any CPU
	EndGlobalSection
	GlobalSection(SolutionProperties) = preSolution
		HideSolutionNode = FALSE
	EndGlobalSection
	GlobalSection(ExtensibilityGlobals) = postSolution
		SolutionGuid = {D8981F2C-7F7F-4DFA-A0F3-93FC5DD4F076}
	EndGlobalSection
EndGlobal
